
Microsoft Visual Studio Solution File, Format Version 12.00
# Visual Studio Version 17
VisualStudioVersion = 17.11.35312.102
MinimumVisualStudioVersion = 10.0.40219.1
Project("{FAE04EC0-301F-11D3-BF4B-00C04F79EFBC}") = "lab006", "lab006\lab006.csproj", "{9B05F791-5543-4F39-B134-70BC9BF1C3E3}"
EndProject
Global
	GlobalSection(SolutionConfigurationPlatforms) = preSolution
		Debug|Any CPU = Debug|Any CPU
		Release|Any CPU = Release|Any CPU
	EndGlobalSection
	GlobalSection(ProjectConfigurationPlatforms) = postSolution
		{9B05F791-5543-4F39-B134-70BC9BF1C3E3}.Debug|Any CPU.ActiveCfg = Debug|Any CPU
		{9B05F791-5543-4F39-B134-70BC9BF1C3E3}.Debug|Any CPU.Build.0 = Debug|Any CPU
		{9B05F791-5543-4F39-B134-70BC9BF1C3E3}.Release|Any CPU.ActiveCfg = Release|Any CPU
		{9B05F791-5543-4F39-B134-70BC9BF1C3E3}.Release|Any CPU.Build.0 = Release|Any CPU
	EndGlobalSection
	GlobalSection(SolutionProperties) = preSolution
		HideSolutionNode = FALSE
	EndGlobalSection
	GlobalSection(ExtensibilityGlobals) = postSolution
		SolutionGuid = {11F1B23F-FF54-4626-AADE-57DEC67E8728}
	EndGlobalSection
EndGlobal
